
Microsoft Visual Studio Solution File, Format Version 12.00
# Visual Studio Version 17
VisualStudioVersion = 17.2.32516.85
MinimumVisualStudioVersion = 10.0.40219.1
Project("{9A19103F-16F7-4668-BE54-9A1E7A4F7556}") = "ClinicaVeterinaria.API", "ClinicaVeterinaria\ClinicaVeterinaria.API.csproj", "{4F19E799-A5DF-4EF8-A6DF-BA5DF99A6BDA}"
EndProject
Project("{9A19103F-16F7-4668-BE54-9A1E7A4F7556}") = "ClinicaVeterinaria.Web", "ClinicaVeterinaria.MVC\ClinicaVeterinaria.Web.csproj", "{C89A31A0-A69A-4B50-96A4-3E626EA327C6}"
EndProject
Global
	GlobalSection(SolutionConfigurationPlatforms) = preSolution
		Debug|Any CPU = Debug|Any CPU
		Release|Any CPU = Release|Any CPU
	EndGlobalSection
	GlobalSection(ProjectConfigurationPlatforms) = postSolution
		{4F19E799-A5DF-4EF8-A6DF-BA5DF99A6BDA}.Debug|Any CPU.ActiveCfg = Debug|Any CPU
		{4F19E799-A5DF-4EF8-A6DF-BA5DF99A6BDA}.Debug|Any CPU.Build.0 = Debug|Any CPU
		{4F19E799-A5DF-4EF8-A6DF-BA5DF99A6BDA}.Release|Any CPU.ActiveCfg = Release|Any CPU
		{4F19E799-A5DF-4EF8-A6DF-BA5DF99A6BDA}.Release|Any CPU.Build.0 = Release|Any CPU
		{C89A31A0-A69A-4B50-96A4-3E626EA327C6}.Debug|Any CPU.ActiveCfg = Debug|Any CPU
		{C89A31A0-A69A-4B50-96A4-3E626EA327C6}.Debug|Any CPU.Build.0 = Debug|Any CPU
		{C89A31A0-A69A-4B50-96A4-3E626EA327C6}.Release|Any CPU.ActiveCfg = Release|Any CPU
		{C89A31A0-A69A-4B50-96A4-3E626EA327C6}.Release|Any CPU.Build.0 = Release|Any CPU
	EndGlobalSection
	GlobalSection(SolutionProperties) = preSolution
		HideSolutionNode = FALSE
	EndGlobalSection
	GlobalSection(ExtensibilityGlobals) = postSolution
		SolutionGuid = {64C3236A-4710-4025-9961-8CD6A731F985}
	EndGlobalSection
EndGlobal
